
Microsoft Visual Studio Solution File, Format Version 12.00
# Visual Studio Version 16
VisualStudioVersion = 16.0.30804.86
MinimumVisualStudioVersion = 10.0.40219.1
Project("{FAE04EC0-301F-11D3-BF4B-00C04F79EFBC}") = "HW_7", "HW_7\HW_7.csproj", "{320BE90D-7E83-4648-9FDD-79A09C9EB2C3}"
EndProject
Global
	GlobalSection(SolutionConfigurationPlatforms) = preSolution
		Debug|Any CPU = Debug|Any CPU
		Release|Any CPU = Release|Any CPU
	EndGlobalSection
	GlobalSection(ProjectConfigurationPlatforms) = postSolution
		{320BE90D-7E83-4648-9FDD-79A09C9EB2C3}.Debug|Any CPU.ActiveCfg = Debug|Any CPU
		{320BE90D-7E83-4648-9FDD-79A09C9EB2C3}.Debug|Any CPU.Build.0 = Debug|Any CPU
		{320BE90D-7E83-4648-9FDD-79A09C9EB2C3}.Release|Any CPU.ActiveCfg = Release|Any CPU
		{320BE90D-7E83-4648-9FDD-79A09C9EB2C3}.Release|Any CPU.Build.0 = Release|Any CPU
	EndGlobalSection
	GlobalSection(SolutionProperties) = preSolution
		HideSolutionNode = FALSE
	EndGlobalSection
	GlobalSection(ExtensibilityGlobals) = postSolution
		SolutionGuid = {50935A7B-6DFA-4991-AD52-746325ADDCB7}
	EndGlobalSection
EndGlobal
